<?xml version="1.0" encoding="utf-8"?>
<Project ToolsVersion="4.0" xmlns="http://schemas.microsoft.com/developer/msbuild/2003">
  <ItemGroup>
    <Filter Include="リソース ファイル">
      <UniqueIdentifier>{67DA6AB6-F800-4c08-8B7A-83BB121AAD01}</UniqueIdentifier>
      <Extensions>rc;ico;cur;bmp;dlg;rc2;rct;bin;rgs;gif;jpg;jpeg;jpe;resx;tiff;tif;png;wav;mfcribbon-ms</Extensions>
    </Filter>
    <Filter Include="pmxParsor">
      <UniqueIdentifier>{dc324feb-1479-4963-99e8-dd0cdc79aa1e}</UniqueIdentifier>
    </Filter>
    <Filter Include="souce">
      <UniqueIdentifier>{ea2ed950-3d47-482b-b783-caca84c28ffe}</UniqueIdentifier>
    </Filter>
    <Filter Include="framework">
      <UniqueIdentifier>{e2ca0af8-f844-44ce-b9f3-f52ac8f412d3}</UniqueIdentifier>
    </Filter>
    <Filter Include="shader">
      <UniqueIdentifier>{9adf31c7-affa-478f-a837-282a44075d3e}</UniqueIdentifier>
    </Filter>
    <Filter Include="oniko">
      <UniqueIdentifier>{a2914aa7-2fca-4496-b211-82ad86d290c9}</UniqueIdentifier>
    </Filter>
    <Filter Include="oniko\cpp">
      <UniqueIdentifier>{3ceacb4c-9f67-4c96-80ee-b265d5f0d1d5}</UniqueIdentifier>
    </Filter>
  </ItemGroup>
  <ItemGroup>
    <ClInclude Include="lib\MikuMikuFormats\EncodingHelper.h">
      <Filter>pmxParsor</Filter>
    </ClInclude>
    <ClInclude Include="lib\MikuMikuFormats\Pmd.h">
      <Filter>pmxParsor</Filter>
    </ClInclude>
    <ClInclude Include="lib\MikuMikuFormats\Pmx.h">
      <Filter>pmxParsor</Filter>
    </ClInclude>
    <ClInclude Include="lib\MikuMikuFormats\Vmd.h">
      <Filter>pmxParsor</Filter>
    </ClInclude>
    <ClInclude Include="TGATexture.h" />
    <ClInclude Include="SceneBase.h" />
    <ClInclude Include="PlayScene.h" />
    <ClInclude Include="ApiMiku.h" />
    <ClInclude Include="Ref.h" />
    <ClInclude Include="AutoReleasePool.h" />
    <ClInclude Include="Director.h" />
    <ClInclude Include="PMXModel.h" />
    <ClInclude Include="DEFINE.h" />
    <ClInclude Include="SceneManager.h" />
    <ClInclude Include="Ground.h" />
    <ClInclude Include="INCLUDES.h" />
    <ClInclude Include="GyuDon.h">
      <Filter>framework</Filter>
    </ClInclude>
    <ClInclude Include="MyVector.h" />
    <ClInclude Include="OBJFileModelGroup.h" />
    <ClInclude Include="OBJFileModelMesh.h" />
    <ClInclude Include="OBJModelFile.h" />
    <ClInclude Include="MTLFileModelMaterial.h" />
    <ClInclude Include="NomalModel.h" />
    <ClInclude Include="MySTL.h" />
    <ClInclude Include="ModelDaiturenShoturen.h" />
    <ClInclude Include="Oniko.h">
      <Filter>oniko</Filter>
    </ClInclude>
    <ClInclude Include="VMDMotion.h" />
  </ItemGroup>
  <ItemGroup>
    <ClCompile Include="MAIN.cpp">
      <Filter>framework</Filter>
    </ClCompile>
    <ClCompile Include="lib\MikuMikuFormats\Pmx.cpp">
      <Filter>pmxParsor</Filter>
    </ClCompile>
    <ClCompile Include="TGATexture.cpp" />
    <ClCompile Include="SceneBase.cpp" />
    <ClCompile Include="PlayScene.cpp" />
    <ClCompile Include="ApiMiku.cpp" />
    <ClCompile Include="Ref.cpp" />
    <ClCompile Include="AutoReleasePool.cpp" />
    <ClCompile Include="Director.cpp" />
    <ClCompile Include="PMXModel.cpp" />
    <ClCompile Include="DEFINE.cpp" />
    <ClCompile Include="SceneManager.cpp" />
    <ClCompile Include="Ground.cpp" />
    <ClCompile Include="GyuDon.cpp">
      <Filter>framework</Filter>
    </ClCompile>
    <ClCompile Include="MyVector.cpp" />
    <ClCompile Include="OBJFileModelGroup.cpp" />
    <ClCompile Include="OBJFileModelMesh.cpp" />
    <ClCompile Include="OBJModelFile.cpp" />
    <ClCompile Include="MTLFileModelMaterial.cpp" />
    <ClCompile Include="NomalModel.cpp" />
    <ClCompile Include="ModelDaiturenShoturen.cpp" />
    <ClCompile Include="Oniko.cpp">
      <Filter>oniko\cpp</Filter>
    </ClCompile>
    <ClCompile Include="OnikoBody.cpp">
      <Filter>oniko\cpp</Filter>
    </ClCompile>
    <ClCompile Include="OnikoDaituuren.cpp">
      <Filter>oniko\cpp</Filter>
    </ClCompile>
    <ClCompile Include="OnikoInit.cpp">
      <Filter>oniko\cpp</Filter>
    </ClCompile>
    <ClCompile Include="OnikoDraw.cpp">
      <Filter>oniko\cpp</Filter>
    </ClCompile>
    <ClCompile Include="VMDMotion.cpp" />
  </ItemGroup>
  <ItemGroup>
    <FxCompile Include="pmxVertex.hlsl">
      <Filter>shader</Filter>
    </FxCompile>
    <FxCompile Include="pmxPixel.hlsl">
      <Filter>shader</Filter>
    </FxCompile>
    <FxCompile Include="dat\shader\tuuren_toushin.hlsl">
      <Filter>shader</Filter>
    </FxCompile>
  </ItemGroup>
</Project>