<?xml version="1.0" encoding="utf-8"?>
<Project ToolsVersion="4.0" xmlns="http://schemas.microsoft.com/developer/msbuild/2003">
  <ItemGroup>
    <Filter Include="リソース ファイル">
      <UniqueIdentifier>{67DA6AB6-F800-4c08-8B7A-83BB121AAD01}</UniqueIdentifier>
      <Extensions>rc;ico;cur;bmp;dlg;rc2;rct;bin;rgs;gif;jpg;jpeg;jpe;resx;tiff;tif;png;wav;mfcribbon-ms</Extensions>
    </Filter>
    <Filter Include="pmxParsor">
      <UniqueIdentifier>{dc324feb-1479-4963-99e8-dd0cdc79aa1e}</UniqueIdentifier>
    </Filter>
    <Filter Include="souce">
      <UniqueIdentifier>{ea2ed950-3d47-482b-b783-caca84c28ffe}</UniqueIdentifier>
    </Filter>
    <Filter Include="framework">
      <UniqueIdentifier>{e2ca0af8-f844-44ce-b9f3-f52ac8f412d3}</UniqueIdentifier>
    </Filter>
    <Filter Include="shader">
      <UniqueIdentifier>{9adf31c7-affa-478f-a837-282a44075d3e}</UniqueIdentifier>
    </Filter>
    <Filter Include="debug">
      <UniqueIdentifier>{5e7d2964-ccac-4c1c-941b-e85d823970ab}</UniqueIdentifier>
    </Filter>
    <Filter Include="Objects">
      <UniqueIdentifier>{6edd790c-29c6-410e-a374-4f07932fbaaa}</UniqueIdentifier>
    </Filter>
    <Filter Include="Objects\oniko">
      <UniqueIdentifier>{a2914aa7-2fca-4496-b211-82ad86d290c9}</UniqueIdentifier>
    </Filter>
    <Filter Include="Objects\oniko\cpp">
      <UniqueIdentifier>{3ceacb4c-9f67-4c96-80ee-b265d5f0d1d5}</UniqueIdentifier>
    </Filter>
    <Filter Include="Objects\siba">
      <UniqueIdentifier>{cec8bc0d-120d-438e-8d9e-76a38ae19856}</UniqueIdentifier>
    </Filter>
    <Filter Include="stage">
      <UniqueIdentifier>{d394508b-5124-4670-91cc-1373def2b659}</UniqueIdentifier>
    </Filter>
  </ItemGroup>
  <ItemGroup>
    <ClInclude Include="lib\MikuMikuFormats\EncodingHelper.h">
      <Filter>pmxParsor</Filter>
    </ClInclude>
    <ClInclude Include="lib\MikuMikuFormats\Pmd.h">
      <Filter>pmxParsor</Filter>
    </ClInclude>
    <ClInclude Include="lib\MikuMikuFormats\Pmx.h">
      <Filter>pmxParsor</Filter>
    </ClInclude>
    <ClInclude Include="lib\MikuMikuFormats\Vmd.h">
      <Filter>pmxParsor</Filter>
    </ClInclude>
    <ClInclude Include="TGATexture.h" />
    <ClInclude Include="SceneBase.h" />
    <ClInclude Include="PlayScene.h" />
    <ClInclude Include="ApiMiku.h" />
    <ClInclude Include="Ref.h" />
    <ClInclude Include="AutoReleasePool.h" />
    <ClInclude Include="Director.h" />
    <ClInclude Include="PMXModel.h" />
    <ClInclude Include="DEFINE.h" />
    <ClInclude Include="SceneManager.h" />
    <ClInclude Include="Ground.h" />
    <ClInclude Include="INCLUDES.h" />
    <ClInclude Include="GyuDon.h">
      <Filter>framework</Filter>
    </ClInclude>
    <ClInclude Include="MyVector.h" />
    <ClInclude Include="OBJFileModelGroup.h" />
    <ClInclude Include="OBJFileModelMesh.h" />
    <ClInclude Include="OBJModelFile.h" />
    <ClInclude Include="MTLFileModelMaterial.h" />
    <ClInclude Include="NomalModel.h" />
    <ClInclude Include="MySTL.h" />
    <ClInclude Include="ModelDaiturenShoturen.h" />
    <ClInclude Include="Oniko.h">
      <Filter>Objects\oniko</Filter>
    </ClInclude>
    <ClInclude Include="VMDMotion.h" />
    <ClInclude Include="DebugDrawer.h">
      <Filter>debug</Filter>
    </ClInclude>
    <ClInclude Include="DebugMilliSecondLapper.h">
      <Filter>debug</Filter>
    </ClInclude>
    <ClInclude Include="Siba.h">
      <Filter>Objects\siba</Filter>
    </ClInclude>
    <ClInclude Include="ShaderManager.h" />
    <ClInclude Include="PixelShader.h" />
    <ClInclude Include="Stage.h">
      <Filter>stage</Filter>
    </ClInclude>
    <ClInclude Include="RigitBody.h" />
    <ClInclude Include="OBJModel.h" />
    <ClInclude Include="EngineGUI.h" />
    <ClInclude Include="GUIWindow.h" />
    <ClInclude Include="UINode.h" />
    <ClInclude Include="UIDrawSetter.h" />
    <ClInclude Include="MyTexture.h" />
    <ClInclude Include="TextureManager.h" />
  </ItemGroup>
  <ItemGroup>
    <ClCompile Include="MAIN.cpp">
      <Filter>framework</Filter>
    </ClCompile>
    <ClCompile Include="lib\MikuMikuFormats\Pmx.cpp">
      <Filter>pmxParsor</Filter>
    </ClCompile>
    <ClCompile Include="TGATexture.cpp" />
    <ClCompile Include="SceneBase.cpp" />
    <ClCompile Include="PlayScene.cpp" />
    <ClCompile Include="ApiMiku.cpp" />
    <ClCompile Include="Ref.cpp" />
    <ClCompile Include="AutoReleasePool.cpp" />
    <ClCompile Include="Director.cpp" />
    <ClCompile Include="PMXModel.cpp" />
    <ClCompile Include="DEFINE.cpp" />
    <ClCompile Include="SceneManager.cpp" />
    <ClCompile Include="Ground.cpp" />
    <ClCompile Include="GyuDon.cpp">
      <Filter>framework</Filter>
    </ClCompile>
    <ClCompile Include="MyVector.cpp" />
    <ClCompile Include="OBJFileModelGroup.cpp" />
    <ClCompile Include="OBJFileModelMesh.cpp" />
    <ClCompile Include="OBJModelFile.cpp" />
    <ClCompile Include="MTLFileModelMaterial.cpp" />
    <ClCompile Include="NomalModel.cpp" />
    <ClCompile Include="ModelDaiturenShoturen.cpp" />
    <ClCompile Include="Oniko.cpp">
      <Filter>Objects\oniko\cpp</Filter>
    </ClCompile>
    <ClCompile Include="OnikoBody.cpp">
      <Filter>Objects\oniko\cpp</Filter>
    </ClCompile>
    <ClCompile Include="OnikoDaituuren.cpp">
      <Filter>Objects\oniko\cpp</Filter>
    </ClCompile>
    <ClCompile Include="OnikoInit.cpp">
      <Filter>Objects\oniko\cpp</Filter>
    </ClCompile>
    <ClCompile Include="OnikoDraw.cpp">
      <Filter>Objects\oniko\cpp</Filter>
    </ClCompile>
    <ClCompile Include="VMDMotion.cpp" />
    <ClCompile Include="MyFUNCTION.h" />
    <ClCompile Include="MyFUNCTION.cpp" />
    <ClCompile Include="DebugDrawer.cpp">
      <Filter>debug</Filter>
    </ClCompile>
    <ClCompile Include="BackBox.cpp">
      <Filter>debug</Filter>
    </ClCompile>
    <ClCompile Include="DebugMilliSecondLapper.cpp">
      <Filter>debug</Filter>
    </ClCompile>
    <ClCompile Include="SibaSet.cpp">
      <Filter>Objects\siba</Filter>
    </ClCompile>
    <ClCompile Include="Siba.cpp">
      <Filter>Objects\siba</Filter>
    </ClCompile>
    <ClCompile Include="SibaDraw.cpp">
      <Filter>Objects\siba</Filter>
    </ClCompile>
    <ClCompile Include="SibaBlerSet.cpp">
      <Filter>Objects\siba</Filter>
    </ClCompile>
    <ClCompile Include="SibaBlerEnd.cpp">
      <Filter>Objects\siba</Filter>
    </ClCompile>
    <ClCompile Include="SibaBlerDraw.cpp">
      <Filter>Objects\siba</Filter>
    </ClCompile>
    <ClCompile Include="ShaderManager.cpp" />
    <ClCompile Include="PixelShader.cpp" />
    <ClCompile Include="Stage.cpp">
      <Filter>stage</Filter>
    </ClCompile>
    <ClCompile Include="RigitBody.cpp" />
    <ClCompile Include="OBJModel.cpp" />
    <ClCompile Include="EngineGUI.cpp" />
    <ClCompile Include="GUIWindow.cpp" />
    <ClCompile Include="UINode.cpp" />
    <ClCompile Include="UIDrawSetter.cpp" />
    <ClCompile Include="MyTexture.cpp" />
    <ClCompile Include="TextureManager.cpp" />
  </ItemGroup>
  <ItemGroup>
    <FxCompile Include="pmxVertex.hlsl">
      <Filter>shader</Filter>
    </FxCompile>
    <FxCompile Include="pmxPixel.hlsl">
      <Filter>shader</Filter>
    </FxCompile>
    <FxCompile Include="SimpleUIShader.hlsl">
      <Filter>shader</Filter>
    </FxCompile>
    <FxCompile Include="blackBoxHarf.hlsl">
      <Filter>shader</Filter>
    </FxCompile>
    <FxCompile Include="sibaShade.hlsl">
      <Filter>Objects\siba</Filter>
    </FxCompile>
    <FxCompile Include="SibaBler.hlsl">
      <Filter>Objects\siba</Filter>
    </FxCompile>
    <FxCompile Include="Simple.hlsl">
      <Filter>Objects\siba</Filter>
    </FxCompile>
    <FxCompile Include="dat\shader\SimpleFong.hlsl">
      <Filter>shader</Filter>
    </FxCompile>
  </ItemGroup>
</Project>